
Microsoft Visual Studio Solution File, Format Version 12.00
# Visual Studio Version 17
VisualStudioVersion = 17.2.32526.322
MinimumVisualStudioVersion = 10.0.40219.1
Project("{FAE04EC0-301F-11D3-BF4B-00C04F79EFBC}") = "NZWalksAPI", "NZWalksAPI\NZWalksAPI.csproj", "{6BA4CCCD-025B-4EB1-8946-99673232A887}"
EndProject
Global
	GlobalSection(SolutionConfigurationPlatforms) = preSolution
		Debug|Any CPU = Debug|Any CPU
		Release|Any CPU = Release|Any CPU
	EndGlobalSection
	GlobalSection(ProjectConfigurationPlatforms) = postSolution
		{6BA4CCCD-025B-4EB1-8946-99673232A887}.Debug|Any CPU.ActiveCfg = Debug|Any CPU
		{6BA4CCCD-025B-4EB1-8946-99673232A887}.Debug|Any CPU.Build.0 = Debug|Any CPU
		{6BA4CCCD-025B-4EB1-8946-99673232A887}.Release|Any CPU.ActiveCfg = Release|Any CPU
		{6BA4CCCD-025B-4EB1-8946-99673232A887}.Release|Any CPU.Build.0 = Release|Any CPU
	EndGlobalSection
	GlobalSection(SolutionProperties) = preSolution
		HideSolutionNode = FALSE
	EndGlobalSection
	GlobalSection(ExtensibilityGlobals) = postSolution
		SolutionGuid = {EF6E475E-EE80-416B-9AE3-3C554C1A16F1}
	EndGlobalSection
EndGlobal
